{
  "name": "@definejs/view",
  "version": "0.1.7",
  "lockfileVersion": 1,
  "requires": true,
  "dependencies": {
    "@definejs/app-module": {
      "version": "1.0.0",
      "resolved": "https://registry.npmjs.org/@definejs/app-module/-/app-module-1.0.0.tgz",
      "integrity": "sha512-oRo5kUbfdSDMeTx8YEI8BiZKk2UxG1Ei1fX4p4a7UQFQjOavdIak4/0q1ZFgl+qSvhUADSP28AE4NQg/YKiO7w==",
      "requires": {
        "@definejs/emitter": "^1.0.0",
        "@definejs/module-manager": "^1.0.0",
        "@definejs/object": "^1.1.0",
        "@definejs/string": "^1.0.0"
      }
    },
    "@definejs/emitter": {
      "version": "1.0.0",
      "resolved": "https://registry.npmjs.org/@definejs/emitter/-/emitter-1.0.0.tgz",
      "integrity": "sha512-FQci+86yOdx/M36aHP+/xevwcb0iiaVw5lZgkcT8WLyZescOVAiFa4k2ToTA2kkM1yzRFXUY/0oHc8Sc5gXfWQ==",
      "requires": {
        "@definejs/object": "^1.1.0",
        "@definejs/tree": "^1.0.0"
      }
    },
    "@definejs/html-parser": {
      "version": "1.0.0",
      "resolved": "https://registry.npmjs.org/@definejs/html-parser/-/html-parser-1.0.0.tgz",
      "integrity": "sha512-+y4nhnFp6oMsW2p4ldRavXJduvq3E0zpH05l3DsiH+AMAWfvW1ZZ/zn84ccz5sszd3B3QJWsqPq5rE4gvYrNkQ=="
    },
    "@definejs/module-manager": {
      "version": "1.0.0",
      "resolved": "https://registry.npmjs.org/@definejs/module-manager/-/module-manager-1.0.0.tgz",
      "integrity": "sha512-s5Vyb2RFzfybfFKzCVVclguwhnIkKMo20I/zWCD0XHoBivj7sVfLooMudVRVXWqhn2QTR8gtojHWH/inLRIA3A=="
    },
    "@definejs/object": {
      "version": "1.1.0",
      "resolved": "https://registry.npmjs.org/@definejs/object/-/object-1.1.0.tgz",
      "integrity": "sha512-3U9yjE0a4oFXR6n19VXZB0W5lpHZRox39vjV2sE288OCMv1L6KLreEdGi0Hmo5w490KHpT9Gtvtkz4Xih7D6ug=="
    },
    "@definejs/panel": {
      "version": "1.0.0",
      "resolved": "https://registry.npmjs.org/@definejs/panel/-/panel-1.0.0.tgz",
      "integrity": "sha512-/EO3wcYwGkG8oqHhqJowJm16sWxOq9fWFzxGBF6UBQviVko8hHpIwAnJGtwuG8/8v+S17pxpMbsWGYN6+lxfhA==",
      "requires": {
        "@definejs/app-module": "^1.0.0",
        "@definejs/emitter": "^1.0.0",
        "@definejs/object": "^1.1.0",
        "@definejs/string": "^1.0.0",
        "@definejs/template": "^1.0.0",
        "jquery": "^3.5.1"
      }
    },
    "@definejs/string": {
      "version": "1.0.0",
      "resolved": "https://registry.npmjs.org/@definejs/string/-/string-1.0.0.tgz",
      "integrity": "sha512-w07CpqHYu6th6y+n5jic6ZUdiB19GPzuq8LGHqpSky8R28ugA1uIDkFodd5tt9dokD00pLd4nFY6bO8JuLYxxQ=="
    },
    "@definejs/template": {
      "version": "1.0.0",
      "resolved": "https://registry.npmjs.org/@definejs/template/-/template-1.0.0.tgz",
      "integrity": "sha512-MQghVomFTmFKS9HK/ChYXjMdlGWI88N6qLDAocRwkM9zwaOQWEkWHRRVDBB8HlzVzp86I73teDuJxD8sZodi0A==",
      "requires": {
        "@definejs/emitter": "^1.0.0",
        "@definejs/html-parser": "^1.0.0",
        "@definejs/object": "^1.1.0",
        "@definejs/string": "^1.0.0",
        "jquery": "^3.5.1"
      }
    },
    "@definejs/tree": {
      "version": "1.0.0",
      "resolved": "https://registry.npmjs.org/@definejs/tree/-/tree-1.0.0.tgz",
      "integrity": "sha512-mQbo/4dBu2HMN5WvVQv1Pb8Wn6rDA8mT0+LLUfFe4bf5Dq/Ni8Vdvb37yqGWx6h7SK+8RRae7JM9aJkXNRcYxw=="
    },
    "jquery": {
      "version": "3.5.1",
      "resolved": "https://registry.npmjs.org/jquery/-/jquery-3.5.1.tgz",
      "integrity": "sha512-XwIBPqcMn57FxfT+Go5pzySnm4KWkT1Tv7gjrpT1srtf8Weynl6R273VJ5GjkRb51IzMp5nbaPjJXMWeju2MKg=="
    }
  }
}
